# This file is automatically @generated by Cargo.
# It is not intended for manual editing.
version = 3

[[package]]
name = "d01"
version = "0.1.0"

[[package]]
name = "d02"
version = "0.1.0"

[[package]]
name = "d03"
version = "0.1.0"

[[package]]
name = "d04"
version = "0.1.0"
dependencies = [
 "md5",
]

[[package]]
name = "d05"
version = "0.1.0"

[[package]]
name = "d06"
version = "0.1.0"

[[package]]
name = "d07"
version = "0.1.0"

[[package]]
name = "d08"
version = "0.1.0"

[[package]]
name = "d10"
version = "0.1.0"

[[package]]
name = "d11"
version = "0.1.0"

[[package]]
name = "d12"
version = "0.1.0"
dependencies = [
 "json",
]

[[package]]
name = "d14"
version = "0.1.0"

[[package]]
name = "d15"
version = "0.1.0"

[[package]]
name = "d17"
version = "0.1.0"

[[package]]
name = "d18"
version = "0.1.0"

[[package]]
name = "d19"
version = "0.1.0"

[[package]]
name = "d20"
version = "0.1.0"

[[package]]
name = "json"
version = "0.12.4"
source = "registry+https://github.com/rust-lang/crates.io-index"
checksum = "078e285eafdfb6c4b434e0d31e8cfcb5115b651496faca5749b88fafd4f23bfd"

[[package]]
name = "md5"
version = "0.7.0"
source = "registry+https://github.com/rust-lang/crates.io-index"
checksum = "490cc448043f947bae3cbee9c203358d62dbee0db12107a74be5c30ccfd09771"
